
Microsoft Visual Studio Solution File, Format Version 12.00
Project("{FAE04EC0-301F-11D3-BF4B-00C04F79EFBC}") = "FunctionalWay", "src\FunctionalWay\FunctionalWay.csproj", "{02EBC8A1-079C-4B79-A0B3-7DEED755058A}"
EndProject
Project("{FAE04EC0-301F-11D3-BF4B-00C04F79EFBC}") = "FunctionalWay.Tests", "src\FunctionalWay.Tests\FunctionalWay.Tests.csproj", "{6DEDC0E0-8931-40C9-80ED-A01BFBBBDBBF}"
EndProject
Global
	GlobalSection(SolutionConfigurationPlatforms) = preSolution
		Debug|Any CPU = Debug|Any CPU
		Release|Any CPU = Release|Any CPU
	EndGlobalSection
	GlobalSection(ProjectConfigurationPlatforms) = postSolution
		{02EBC8A1-079C-4B79-A0B3-7DEED755058A}.Debug|Any CPU.ActiveCfg = Debug|Any CPU
		{02EBC8A1-079C-4B79-A0B3-7DEED755058A}.Debug|Any CPU.Build.0 = Debug|Any CPU
		{02EBC8A1-079C-4B79-A0B3-7DEED755058A}.Release|Any CPU.ActiveCfg = Release|Any CPU
		{02EBC8A1-079C-4B79-A0B3-7DEED755058A}.Release|Any CPU.Build.0 = Release|Any CPU
		{6DEDC0E0-8931-40C9-80ED-A01BFBBBDBBF}.Debug|Any CPU.ActiveCfg = Debug|Any CPU
		{6DEDC0E0-8931-40C9-80ED-A01BFBBBDBBF}.Debug|Any CPU.Build.0 = Debug|Any CPU
		{6DEDC0E0-8931-40C9-80ED-A01BFBBBDBBF}.Release|Any CPU.ActiveCfg = Release|Any CPU
		{6DEDC0E0-8931-40C9-80ED-A01BFBBBDBBF}.Release|Any CPU.Build.0 = Release|Any CPU
	EndGlobalSection
EndGlobal
